<?xml version="1.0" encoding="utf-8"?>
<Project ToolsVersion="17.0" xmlns="http://schemas.microsoft.com/developer/msbuild/2003">
  <ItemGroup>
    <CustomBuild Include="C:\Users\Admin\Desktop\Tharja\Term 8\G&amp;V\Lab\Week 8\Assignment_4_code\Assignment_4_win\includes\glm\CMakeFiles\2525fb4d570979861f07706ad24e2ebb\generate.stamp.rule">
      <Filter>CMake Rules</Filter>
    </CustomBuild>
  </ItemGroup>
  <ItemGroup>
    <Filter Include="CMake Rules">
      <UniqueIdentifier>{141EDC22-5BE0-3D4B-87A1-2CE141D9D542}</UniqueIdentifier>
    </Filter>
  </ItemGroup>
</Project>
